<?xml version="1.0" encoding="utf-8"?>
<Project ToolsVersion="4.0" xmlns="http://schemas.microsoft.com/developer/msbuild/2003">
  <ItemGroup>
    <Filter Include="资源文件">
      <UniqueIdentifier>{67DA6AB6-F800-4c08-8B7A-83BB121AAD01}</UniqueIdentifier>
      <Extensions>rc;ico;cur;bmp;dlg;rc2;rct;bin;rgs;gif;jpg;jpeg;jpe;resx;tiff;tif;png;wav;mfcribbon-ms</Extensions>
    </Filter>
    <Filter Include="User">
      <UniqueIdentifier>{9f0334d9-2d8f-4e11-819f-9806e7a2beaa}</UniqueIdentifier>
    </Filter>
    <Filter Include="User\Inc">
      <UniqueIdentifier>{2f63108d-ac5b-4a38-84f6-07a11170fd61}</UniqueIdentifier>
    </Filter>
    <Filter Include="User\Src">
      <UniqueIdentifier>{4518edac-0db5-41d6-97a7-3299682d1802}</UniqueIdentifier>
    </Filter>
  </ItemGroup>
  <ItemGroup>
    <Text Include="ReadMe.txt" />
  </ItemGroup>
  <ItemGroup>
    <ClCompile Include="User\Src\opencv_test.cpp">
      <Filter>User\Src</Filter>
    </ClCompile>
    <ClCompile Include="User\Src\main.cpp">
      <Filter>User\Src</Filter>
    </ClCompile>
  </ItemGroup>
  <ItemGroup>
    <ClInclude Include="User\Inc\main.h">
      <Filter>User\Inc</Filter>
    </ClInclude>
  </ItemGroup>
</Project>